// !$*UTF8*$!
{
	archiveVersion = 1;
	classes = {
	};
	objectVersion = 48;
	objects = {

/* Begin PBXBuildFile section */
		33F32FB6202FD80E00AF14A9 /* AppDelegate.m in Sources */ = {isa = PBXBuildFile; fileRef = 33F32FB5202FD80E00AF14A9 /* AppDelegate.m */; };
		33F32FB9202FD80E00AF14A9 /* ViewController.m in Sources */ = {isa = PBXBuildFile; fileRef = 33F32FB8202FD80E00AF14A9 /* ViewController.m */; };
		33F32FBC202FD80E00AF14A9 /* Main.storyboard in Resources */ = {isa = PBXBuildFile; fileRef = 33F32FBA202FD80E00AF14A9 /* Main.storyboard */; };
		33F32FBE202FD80E00AF14A9 /* Assets.xcassets in Resources */ = {isa = PBXBuildFile; fileRef = 33F32FBD202FD80E00AF14A9 /* Assets.xcassets */; };
		33F32FC1202FD80E00AF14A9 /* LaunchScreen.storyboard in Resources */ = {isa = PBXBuildFile; fileRef = 33F32FBF202FD80E00AF14A9 /* LaunchScreen.storyboard */; };
		33F32FC4202FD80E00AF14A9 /* main.m in Sources */ = {isa = PBXBuildFile; fileRef = 33F32FC3202FD80E00AF14A9 /* main.m */; };
		33F32FCE202FD80E00AF14A9 /* GXWaterSampleTests.m in Sources */ = {isa = PBXBuildFile; fileRef = 33F32FCD202FD80E00AF14A9 /* GXWaterSampleTests.m */; };
		33F32FD9202FD80E00AF14A9 /* GXWaterSampleUITests.m in Sources */ = {isa = PBXBuildFile; fileRef = 33F32FD8202FD80E00AF14A9 /* GXWaterSampleUITests.m */; };
		33F32FE9202FD84B00AF14A9 /* GXWaterCollectionViewLayout.m in Sources */ = {isa = PBXBuildFile; fileRef = 33F32FE8202FD84B00AF14A9 /* GXWaterCollectionViewLayout.m */; };
		33F33004202FD8C100AF14A9 /* GXFooterCRView.m in Sources */ = {isa = PBXBuildFile; fileRef = 33F32FEC202FD8C100AF14A9 /* GXFooterCRView.m */; };
		33F33005202FD8C100AF14A9 /* GXFooterCRView.xib in Resources */ = {isa = PBXBuildFile; fileRef = 33F32FED202FD8C100AF14A9 /* GXFooterCRView.xib */; };
		33F33006202FD8C100AF14A9 /* GXHeaderCRView.m in Sources */ = {isa = PBXBuildFile; fileRef = 33F32FEF202FD8C100AF14A9 /* GXHeaderCRView.m */; };
		33F33007202FD8C100AF14A9 /* GXHeaderCRView.xib in Resources */ = {isa = PBXBuildFile; fileRef = 33F32FF0202FD8C100AF14A9 /* GXHeaderCRView.xib */; };
		33F33008202FD8C100AF14A9 /* GXWaterCVCell.m in Sources */ = {isa = PBXBuildFile; fileRef = 33F32FF2202FD8C100AF14A9 /* GXWaterCVCell.m */; };
		33F33009202FD8C100AF14A9 /* GXWaterCVCell.xib in Resources */ = {isa = PBXBuildFile; fileRef = 33F32FF3202FD8C100AF14A9 /* GXWaterCVCell.xib */; };
		33F3300A202FD8C100AF14A9 /* GXWaterViewController.m in Sources */ = {isa = PBXBuildFile; fileRef = 33F32FF5202FD8C100AF14A9 /* GXWaterViewController.m */; };
		33F3300B202FD8C100AF14A9 /* 0.jpeg in Resources */ = {isa = PBXBuildFile; fileRef = 33F32FF7202FD8C100AF14A9 /* 0.jpeg */; };
		33F3300C202FD8C100AF14A9 /* 1.jpeg in Resources */ = {isa = PBXBuildFile; fileRef = 33F32FF8202FD8C100AF14A9 /* 1.jpeg */; };
		33F3300D202FD8C100AF14A9 /* 10.jpeg in Resources */ = {isa = PBXBuildFile; fileRef = 33F32FF9202FD8C100AF14A9 /* 10.jpeg */; };
		33F3300E202FD8C100AF14A9 /* 11.jpeg in Resources */ = {isa = PBXBuildFile; fileRef = 33F32FFA202FD8C100AF14A9 /* 11.jpeg */; };
		33F3300F202FD8C100AF14A9 /* 12.jpeg in Resources */ = {isa = PBXBuildFile; fileRef = 33F32FFB202FD8C100AF14A9 /* 12.jpeg */; };
		33F33010202FD8C100AF14A9 /* 2.jpeg in Resources */ = {isa = PBXBuildFile; fileRef = 33F32FFC202FD8C100AF14A9 /* 2.jpeg */; };
		33F33011202FD8C100AF14A9 /* 3.jpeg in Resources */ = {isa = PBXBuildFile; fileRef = 33F32FFD202FD8C100AF14A9 /* 3.jpeg */; };
		33F33012202FD8C100AF14A9 /* 4.jpeg in Resources */ = {isa = PBXBuildFile; fileRef = 33F32FFE202FD8C100AF14A9 /* 4.jpeg */; };
		33F33013202FD8C100AF14A9 /* 5.jpeg in Resources */ = {isa = PBXBuildFile; fileRef = 33F32FFF202FD8C100AF14A9 /* 5.jpeg */; };
		33F33014202FD8C100AF14A9 /* 6.jpeg in Resources */ = {isa = PBXBuildFile; fileRef = 33F33000202FD8C100AF14A9 /* 6.jpeg */; };
		33F33015202FD8C100AF14A9 /* 7.jpeg in Resources */ = {isa = PBXBuildFile; fileRef = 33F33001202FD8C100AF14A9 /* 7.jpeg */; };
		33F33016202FD8C100AF14A9 /* 8.jpeg in Resources */ = {isa = PBXBuildFile; fileRef = 33F33002202FD8C100AF14A9 /* 8.jpeg */; };
		33F33017202FD8C100AF14A9 /* 9.jpeg in Resources */ = {isa = PBXBuildFile; fileRef = 33F33003202FD8C100AF14A9 /* 9.jpeg */; };
/* End PBXBuildFile section */

/* Begin PBXContainerItemProxy section */
		33F32FCA202FD80E00AF14A9 /* PBXContainerItemProxy */ = {
			isa = PBXContainerItemProxy;
			containerPortal = 33F32FA9202FD80E00AF14A9 /* Project object */;
			proxyType = 1;
			remoteGlobalIDString = 33F32FB0202FD80E00AF14A9;
			remoteInfo = GXWaterSample;
		};
		33F32FD5202FD80E00AF14A9 /* PBXContainerItemProxy */ = {
			isa = PBXContainerItemProxy;
			containerPortal = 33F32FA9202FD80E00AF14A9 /* Project object */;
			proxyType = 1;
			remoteGlobalIDString = 33F32FB0202FD80E00AF14A9;
			remoteInfo = GXWaterSample;
		};
/* End PBXContainerItemProxy section */

/* Begin PBXFileReference section */
		33F32FB1202FD80E00AF14A9 /* GXWaterSample.app */ = {isa = PBXFileReference; explicitFileType = wrapper.application; includeInIndex = 0; path = GXWaterSample.app; sourceTree = BUILT_PRODUCTS_DIR; };
		33F32FB4202FD80E00AF14A9 /* AppDelegate.h */ = {isa = PBXFileReference; lastKnownFileType = sourcecode.c.h; path = AppDelegate.h; sourceTree = "<group>"; };
		33F32FB5202FD80E00AF14A9 /* AppDelegate.m */ = {isa = PBXFileReference; lastKnownFileType = sourcecode.c.objc; path = AppDelegate.m; sourceTree = "<group>"; };
		33F32FB7202FD80E00AF14A9 /* ViewController.h */ = {isa = PBXFileReference; lastKnownFileType = sourcecode.c.h; path = ViewController.h; sourceTree = "<group>"; };
		33F32FB8202FD80E00AF14A9 /* ViewController.m */ = {isa = PBXFileReference; lastKnownFileType = sourcecode.c.objc; path = ViewController.m; sourceTree = "<group>"; };
		33F32FBB202FD80E00AF14A9 /* Base */ = {isa = PBXFileReference; lastKnownFileType = file.storyboard; name = Base; path = Base.lproj/Main.storyboard; sourceTree = "<group>"; };
		33F32FBD202FD80E00AF14A9 /* Assets.xcassets */ = {isa = PBXFileReference; lastKnownFileType = folder.assetcatalog; path = Assets.xcassets; sourceTree = "<group>"; };
		33F32FC0202FD80E00AF14A9 /* Base */ = {isa = PBXFileReference; lastKnownFileType = file.storyboard; name = Base; path = Base.lproj/LaunchScreen.storyboard; sourceTree = "<group>"; };
		33F32FC2202FD80E00AF14A9 /* Info.plist */ = {isa = PBXFileReference; lastKnownFileType = text.plist.xml; path = Info.plist; sourceTree = "<group>"; };
		33F32FC3202FD80E00AF14A9 /* main.m */ = {isa = PBXFileReference; lastKnownFileType = sourcecode.c.objc; path = main.m; sourceTree = "<group>"; };
		33F32FC9202FD80E00AF14A9 /* GXWaterSampleTests.xctest */ = {isa = PBXFileReference; explicitFileType = wrapper.cfbundle; includeInIndex = 0; path = GXWaterSampleTests.xctest; sourceTree = BUILT_PRODUCTS_DIR; };
		33F32FCD202FD80E00AF14A9 /* GXWaterSampleTests.m */ = {isa = PBXFileReference; lastKnownFileType = sourcecode.c.objc; path = GXWaterSampleTests.m; sourceTree = "<group>"; };
		33F32FCF202FD80E00AF14A9 /* Info.plist */ = {isa = PBXFileReference; lastKnownFileType = text.plist.xml; path = Info.plist; sourceTree = "<group>"; };
		33F32FD4202FD80E00AF14A9 /* GXWaterSampleUITests.xctest */ = {isa = PBXFileReference; explicitFileType = wrapper.cfbundle; includeInIndex = 0; path = GXWaterSampleUITests.xctest; sourceTree = BUILT_PRODUCTS_DIR; };
		33F32FD8202FD80E00AF14A9 /* GXWaterSampleUITests.m */ = {isa = PBXFileReference; lastKnownFileType = sourcecode.c.objc; path = GXWaterSampleUITests.m; sourceTree = "<group>"; };
		33F32FDA202FD80E00AF14A9 /* Info.plist */ = {isa = PBXFileReference; lastKnownFileType = text.plist.xml; path = Info.plist; sourceTree = "<group>"; };
		33F32FE7202FD84B00AF14A9 /* GXWaterCollectionViewLayout.h */ = {isa = PBXFileReference; fileEncoding = 4; lastKnownFileType = sourcecode.c.h; path = GXWaterCollectionViewLayout.h; sourceTree = "<group>"; };
		33F32FE8202FD84B00AF14A9 /* GXWaterCollectionViewLayout.m */ = {isa = PBXFileReference; fileEncoding = 4; lastKnownFileType = sourcecode.c.objc; path = GXWaterCollectionViewLayout.m; sourceTree = "<group>"; };
		33F32FEB202FD8C100AF14A9 /* GXFooterCRView.h */ = {isa = PBXFileReference; fileEncoding = 4; lastKnownFileType = sourcecode.c.h; path = GXFooterCRView.h; sourceTree = "<group>"; };
		33F32FEC202FD8C100AF14A9 /* GXFooterCRView.m */ = {isa = PBXFileReference; fileEncoding = 4; lastKnownFileType = sourcecode.c.objc; path = GXFooterCRView.m; sourceTree = "<group>"; };
		33F32FED202FD8C100AF14A9 /* GXFooterCRView.xib */ = {isa = PBXFileReference; fileEncoding = 4; lastKnownFileType = file.xib; path = GXFooterCRView.xib; sourceTree = "<group>"; };
		33F32FEE202FD8C100AF14A9 /* GXHeaderCRView.h */ = {isa = PBXFileReference; fileEncoding = 4; lastKnownFileType = sourcecode.c.h; path = GXHeaderCRView.h; sourceTree = "<group>"; };
		33F32FEF202FD8C100AF14A9 /* GXHeaderCRView.m */ = {isa = PBXFileReference; fileEncoding = 4; lastKnownFileType = sourcecode.c.objc; path = GXHeaderCRView.m; sourceTree = "<group>"; };
		33F32FF0202FD8C100AF14A9 /* GXHeaderCRView.xib */ = {isa = PBXFileReference; fileEncoding = 4; lastKnownFileType = file.xib; path = GXHeaderCRView.xib; sourceTree = "<group>"; };
		33F32FF1202FD8C100AF14A9 /* GXWaterCVCell.h */ = {isa = PBXFileReference; fileEncoding = 4; lastKnownFileType = sourcecode.c.h; path = GXWaterCVCell.h; sourceTree = "<group>"; };
		33F32FF2202FD8C100AF14A9 /* GXWaterCVCell.m */ = {isa = PBXFileReference; fileEncoding = 4; lastKnownFileType = sourcecode.c.objc; path = GXWaterCVCell.m; sourceTree = "<group>"; };
		33F32FF3202FD8C100AF14A9 /* GXWaterCVCell.xib */ = {isa = PBXFileReference; fileEncoding = 4; lastKnownFileType = file.xib; path = GXWaterCVCell.xib; sourceTree = "<group>"; };
		33F32FF4202FD8C100AF14A9 /* GXWaterViewController.h */ = {isa = PBXFileReference; fileEncoding = 4; lastKnownFileType = sourcecode.c.h; path = GXWaterViewController.h; sourceTree = "<group>"; };
		33F32FF5202FD8C100AF14A9 /* GXWaterViewController.m */ = {isa = PBXFileReference; fileEncoding = 4; lastKnownFileType = sourcecode.c.objc; path = GXWaterViewController.m; sourceTree = "<group>"; };
		33F32FF7202FD8C100AF14A9 /* 0.jpeg */ = {isa = PBXFileReference; lastKnownFileType = image.jpeg; path = 0.jpeg; sourceTree = "<group>"; };
		33F32FF8202FD8C100AF14A9 /* 1.jpeg */ = {isa = PBXFileReference; lastKnownFileType = image.jpeg; path = 1.jpeg; sourceTree = "<group>"; };
		33F32FF9202FD8C100AF14A9 /* 10.jpeg */ = {isa = PBXFileReference; lastKnownFileType = image.jpeg; path = 10.jpeg; sourceTree = "<group>"; };
		33F32FFA202FD8C100AF14A9 /* 11.jpeg */ = {isa = PBXFileReference; lastKnownFileType = image.jpeg; path = 11.jpeg; sourceTree = "<group>"; };
		33F32FFB202FD8C100AF14A9 /* 12.jpeg */ = {isa = PBXFileReference; lastKnownFileType = image.jpeg; path = 12.jpeg; sourceTree = "<group>"; };
		33F32FFC202FD8C100AF14A9 /* 2.jpeg */ = {isa = PBXFileReference; lastKnownFileType = image.jpeg; path = 2.jpeg; sourceTree = "<group>"; };
		33F32FFD202FD8C100AF14A9 /* 3.jpeg */ = {isa = PBXFileReference; lastKnownFileType = image.jpeg; path = 3.jpeg; sourceTree = "<group>"; };
		33F32FFE202FD8C100AF14A9 /* 4.jpeg */ = {isa = PBXFileReference; lastKnownFileType = image.jpeg; path = 4.jpeg; sourceTree = "<group>"; };
		33F32FFF202FD8C100AF14A9 /* 5.jpeg */ = {isa = PBXFileReference; lastKnownFileType = image.jpeg; path = 5.jpeg; sourceTree = "<group>"; };
		33F33000202FD8C100AF14A9 /* 6.jpeg */ = {isa = PBXFileReference; lastKnownFileType = image.jpeg; path = 6.jpeg; sourceTree = "<group>"; };
		33F33001202FD8C100AF14A9 /* 7.jpeg */ = {isa = PBXFileReference; lastKnownFileType = image.jpeg; path = 7.jpeg; sourceTree = "<group>"; };
		33F33002202FD8C100AF14A9 /* 8.jpeg */ = {isa = PBXFileReference; lastKnownFileType = image.jpeg; path = 8.jpeg; sourceTree = "<group>"; };
		33F33003202FD8C100AF14A9 /* 9.jpeg */ = {isa = PBXFileReference; lastKnownFileType = image.jpeg; path = 9.jpeg; sourceTree = "<group>"; };
/* End PBXFileReference section */

/* Begin PBXFrameworksBuildPhase section */
		33F32FAE202FD80E00AF14A9 /* Frameworks */ = {
			isa = PBXFrameworksBuildPhase;
			buildActionMask = 2147483647;
			files = (
			);
			runOnlyForDeploymentPostprocessing = 0;
		};
		33F32FC6202FD80E00AF14A9 /* Frameworks */ = {
			isa = PBXFrameworksBuildPhase;
			buildActionMask = 2147483647;
			files = (
			);
			runOnlyForDeploymentPostprocessing = 0;
		};
		33F32FD1202FD80E00AF14A9 /* Frameworks */ = {
			isa = PBXFrameworksBuildPhase;
			buildActionMask = 2147483647;
			files = (
			);
			runOnlyForDeploymentPostprocessing = 0;
		};
/* End PBXFrameworksBuildPhase section */

/* Begin PBXGroup section */
		33F32FA8202FD80E00AF14A9 = {
			isa = PBXGroup;
			children = (
				33F32FB3202FD80E00AF14A9 /* GXWaterSample */,
				33F32FCC202FD80E00AF14A9 /* GXWaterSampleTests */,
				33F32FD7202FD80E00AF14A9 /* GXWaterSampleUITests */,
				33F32FB2202FD80E00AF14A9 /* Products */,
			);
			sourceTree = "<group>";
		};
		33F32FB2202FD80E00AF14A9 /* Products */ = {
			isa = PBXGroup;
			children = (
				33F32FB1202FD80E00AF14A9 /* GXWaterSample.app */,
				33F32FC9202FD80E00AF14A9 /* GXWaterSampleTests.xctest */,
				33F32FD4202FD80E00AF14A9 /* GXWaterSampleUITests.xctest */,
			);
			name = Products;
			sourceTree = "<group>";
		};
		33F32FB3202FD80E00AF14A9 /* GXWaterSample */ = {
			isa = PBXGroup;
			children = (
				33F32FE6202FD84B00AF14A9 /* GXWaterCollectionViewLayout */,
				33F32FEA202FD8C100AF14A9 /* Water */,
				33F32FB4202FD80E00AF14A9 /* AppDelegate.h */,
				33F32FB5202FD80E00AF14A9 /* AppDelegate.m */,
				33F32FB7202FD80E00AF14A9 /* ViewController.h */,
				33F32FB8202FD80E00AF14A9 /* ViewController.m */,
				33F32FBA202FD80E00AF14A9 /* Main.storyboard */,
				33F32FBD202FD80E00AF14A9 /* Assets.xcassets */,
				33F32FBF202FD80E00AF14A9 /* LaunchScreen.storyboard */,
				33F32FC2202FD80E00AF14A9 /* Info.plist */,
				33F32FC3202FD80E00AF14A9 /* main.m */,
			);
			path = GXWaterSample;
			sourceTree = "<group>";
		};
		33F32FCC202FD80E00AF14A9 /* GXWaterSampleTests */ = {
			isa = PBXGroup;
			children = (
				33F32FCD202FD80E00AF14A9 /* GXWaterSampleTests.m */,
				33F32FCF202FD80E00AF14A9 /* Info.plist */,
			);
			path = GXWaterSampleTests;
			sourceTree = "<group>";
		};
		33F32FD7202FD80E00AF14A9 /* GXWaterSampleUITests */ = {
			isa = PBXGroup;
			children = (
				33F32FD8202FD80E00AF14A9 /* GXWaterSampleUITests.m */,
				33F32FDA202FD80E00AF14A9 /* Info.plist */,
			);
			path = GXWaterSampleUITests;
			sourceTree = "<group>";
		};
		33F32FE6202FD84B00AF14A9 /* GXWaterCollectionViewLayout */ = {
			isa = PBXGroup;
			children = (
				33F32FE7202FD84B00AF14A9 /* GXWaterCollectionViewLayout.h */,
				33F32FE8202FD84B00AF14A9 /* GXWaterCollectionViewLayout.m */,
			);
			name = GXWaterCollectionViewLayout;
			path = ../../GXWaterCollectionViewLayout;
			sourceTree = "<group>";
		};
		33F32FEA202FD8C100AF14A9 /* Water */ = {
			isa = PBXGroup;
			children = (
				33F32FEB202FD8C100AF14A9 /* GXFooterCRView.h */,
				33F32FEC202FD8C100AF14A9 /* GXFooterCRView.m */,
				33F32FED202FD8C100AF14A9 /* GXFooterCRView.xib */,
				33F32FEE202FD8C100AF14A9 /* GXHeaderCRView.h */,
				33F32FEF202FD8C100AF14A9 /* GXHeaderCRView.m */,
				33F32FF0202FD8C100AF14A9 /* GXHeaderCRView.xib */,
				33F32FF1202FD8C100AF14A9 /* GXWaterCVCell.h */,
				33F32FF2202FD8C100AF14A9 /* GXWaterCVCell.m */,
				33F32FF3202FD8C100AF14A9 /* GXWaterCVCell.xib */,
				33F32FF4202FD8C100AF14A9 /* GXWaterViewController.h */,
				33F32FF5202FD8C100AF14A9 /* GXWaterViewController.m */,
				33F32FF6202FD8C100AF14A9 /* image */,
			);
			path = Water;
			sourceTree = "<group>";
		};
		33F32FF6202FD8C100AF14A9 /* image */ = {
			isa = PBXGroup;
			children = (
				33F32FF7202FD8C100AF14A9 /* 0.jpeg */,
				33F32FF8202FD8C100AF14A9 /* 1.jpeg */,
				33F32FF9202FD8C100AF14A9 /* 10.jpeg */,
				33F32FFA202FD8C100AF14A9 /* 11.jpeg */,
				33F32FFB202FD8C100AF14A9 /* 12.jpeg */,
				33F32FFC202FD8C100AF14A9 /* 2.jpeg */,
				33F32FFD202FD8C100AF14A9 /* 3.jpeg */,
				33F32FFE202FD8C100AF14A9 /* 4.jpeg */,
				33F32FFF202FD8C100AF14A9 /* 5.jpeg */,
				33F33000202FD8C100AF14A9 /* 6.jpeg */,
				33F33001202FD8C100AF14A9 /* 7.jpeg */,
				33F33002202FD8C100AF14A9 /* 8.jpeg */,
				33F33003202FD8C100AF14A9 /* 9.jpeg */,
			);
			path = image;
			sourceTree = "<group>";
		};
/* End PBXGroup section */

/* Begin PBXNativeTarget section */
		33F32FB0202FD80E00AF14A9 /* GXWaterSample */ = {
			isa = PBXNativeTarget;
			buildConfigurationList = 33F32FDD202FD80E00AF14A9 /* Build configuration list for PBXNativeTarget "GXWaterSample" */;
			buildPhases = (
				33F32FAD202FD80E00AF14A9 /* Sources */,
				33F32FAE202FD80E00AF14A9 /* Frameworks */,
				33F32FAF202FD80E00AF14A9 /* Resources */,
			);
			buildRules = (
			);
			dependencies = (
			);
			name = GXWaterSample;
			productName = GXWaterSample;
			productReference = 33F32FB1202FD80E00AF14A9 /* GXWaterSample.app */;
			productType = "com.apple.product-type.application";
		};
		33F32FC8202FD80E00AF14A9 /* GXWaterSampleTests */ = {
			isa = PBXNativeTarget;
			buildConfigurationList = 33F32FE0202FD80E00AF14A9 /* Build configuration list for PBXNativeTarget "GXWaterSampleTests" */;
			buildPhases = (
				33F32FC5202FD80E00AF14A9 /* Sources */,
				33F32FC6202FD80E00AF14A9 /* Frameworks */,
				33F32FC7202FD80E00AF14A9 /* Resources */,
			);
			buildRules = (
			);
			dependencies = (
				33F32FCB202FD80E00AF14A9 /* PBXTargetDependency */,
			);
			name = GXWaterSampleTests;
			productName = GXWaterSampleTests;
			productReference = 33F32FC9202FD80E00AF14A9 /* GXWaterSampleTests.xctest */;
			productType = "com.apple.product-type.bundle.unit-test";
		};
		33F32FD3202FD80E00AF14A9 /* GXWaterSampleUITests */ = {
			isa = PBXNativeTarget;
			buildConfigurationList = 33F32FE3202FD80E00AF14A9 /* Build configuration list for PBXNativeTarget "GXWaterSampleUITests" */;
			buildPhases = (
				33F32FD0202FD80E00AF14A9 /* Sources */,
				33F32FD1202FD80E00AF14A9 /* Frameworks */,
				33F32FD2202FD80E00AF14A9 /* Resources */,
			);
			buildRules = (
			);
			dependencies = (
				33F32FD6202FD80E00AF14A9 /* PBXTargetDependency */,
			);
			name = GXWaterSampleUITests;
			productName = GXWaterSampleUITests;
			productReference = 33F32FD4202FD80E00AF14A9 /* GXWaterSampleUITests.xctest */;
			productType = "com.apple.product-type.bundle.ui-testing";
		};
/* End PBXNativeTarget section */

/* Begin PBXProject section */
		33F32FA9202FD80E00AF14A9 /* Project object */ = {
			isa = PBXProject;
			attributes = {
				LastUpgradeCheck = 0910;
				ORGANIZATIONNAME = protruly;
				TargetAttributes = {
					33F32FB0202FD80E00AF14A9 = {
						CreatedOnToolsVersion = 9.1;
						ProvisioningStyle = Automatic;
					};
					33F32FC8202FD80E00AF14A9 = {
						CreatedOnToolsVersion = 9.1;
						ProvisioningStyle = Automatic;
						TestTargetID = 33F32FB0202FD80E00AF14A9;
					};
					33F32FD3202FD80E00AF14A9 = {
						CreatedOnToolsVersion = 9.1;
						ProvisioningStyle = Automatic;
						TestTargetID = 33F32FB0202FD80E00AF14A9;
					};
				};
			};
			buildConfigurationList = 33F32FAC202FD80E00AF14A9 /* Build configuration list for PBXProject "GXWaterSample" */;
			compatibilityVersion = "Xcode 8.0";
			developmentRegion = en;
			hasScannedForEncodings = 0;
			knownRegions = (
				en,
				Base,
			);
			mainGroup = 33F32FA8202FD80E00AF14A9;
			productRefGroup = 33F32FB2202FD80E00AF14A9 /* Products */;
			projectDirPath = "";
			projectRoot = "";
			targets = (
				33F32FB0202FD80E00AF14A9 /* GXWaterSample */,
				33F32FC8202FD80E00AF14A9 /* GXWaterSampleTests */,
				33F32FD3202FD80E00AF14A9 /* GXWaterSampleUITests */,
			);
		};
/* End PBXProject section */

/* Begin PBXResourcesBuildPhase section */
		33F32FAF202FD80E00AF14A9 /* Resources */ = {
			isa = PBXResourcesBuildPhase;
			buildActionMask = 2147483647;
			files = (
				33F33014202FD8C100AF14A9 /* 6.jpeg in Resources */,
				33F33011202FD8C100AF14A9 /* 3.jpeg in Resources */,
				33F32FC1202FD80E00AF14A9 /* LaunchScreen.storyboard in Resources */,
				33F3300B202FD8C100AF14A9 /* 0.jpeg in Resources */,
				33F33017202FD8C100AF14A9 /* 9.jpeg in Resources */,
				33F33009202FD8C100AF14A9 /* GXWaterCVCell.xib in Resources */,
				33F33012202FD8C100AF14A9 /* 4.jpeg in Resources */,
				33F33013202FD8C100AF14A9 /* 5.jpeg in Resources */,
				33F3300F202FD8C100AF14A9 /* 12.jpeg in Resources */,
				33F33015202FD8C100AF14A9 /* 7.jpeg in Resources */,
				33F3300D202FD8C100AF14A9 /* 10.jpeg in Resources */,
				33F3300C202FD8C100AF14A9 /* 1.jpeg in Resources */,
				33F33005202FD8C100AF14A9 /* GXFooterCRView.xib in Resources */,
				33F33007202FD8C100AF14A9 /* GXHeaderCRView.xib in Resources */,
				33F33010202FD8C100AF14A9 /* 2.jpeg in Resources */,
				33F33016202FD8C100AF14A9 /* 8.jpeg in Resources */,
				33F32FBE202FD80E00AF14A9 /* Assets.xcassets in Resources */,
				33F32FBC202FD80E00AF14A9 /* Main.storyboard in Resources */,
				33F3300E202FD8C100AF14A9 /* 11.jpeg in Resources */,
			);
			runOnlyForDeploymentPostprocessing = 0;
		};
		33F32FC7202FD80E00AF14A9 /* Resources */ = {
			isa = PBXResourcesBuildPhase;
			buildActionMask = 2147483647;
			files = (
			);
			runOnlyForDeploymentPostprocessing = 0;
		};
		33F32FD2202FD80E00AF14A9 /* Resources */ = {
			isa = PBXResourcesBuildPhase;
			buildActionMask = 2147483647;
			files = (
			);
			runOnlyForDeploymentPostprocessing = 0;
		};
/* End PBXResourcesBuildPhase section */

/* Begin PBXSourcesBuildPhase section */
		33F32FAD202FD80E00AF14A9 /* Sources */ = {
			isa = PBXSourcesBuildPhase;
			buildActionMask = 2147483647;
			files = (
				33F32FB9202FD80E00AF14A9 /* ViewController.m in Sources */,
				33F33006202FD8C100AF14A9 /* GXHeaderCRView.m in Sources */,
				33F32FC4202FD80E00AF14A9 /* main.m in Sources */,
				33F3300A202FD8C100AF14A9 /* GXWaterViewController.m in Sources */,
				33F33008202FD8C100AF14A9 /* GXWaterCVCell.m in Sources */,
				33F32FB6202FD80E00AF14A9 /* AppDelegate.m in Sources */,
				33F32FE9202FD84B00AF14A9 /* GXWaterCollectionViewLayout.m in Sources */,
				33F33004202FD8C100AF14A9 /* GXFooterCRView.m in Sources */,
			);
			runOnlyForDeploymentPostprocessing = 0;
		};
		33F32FC5202FD80E00AF14A9 /* Sources */ = {
			isa = PBXSourcesBuildPhase;
			buildActionMask = 2147483647;
			files = (
				33F32FCE202FD80E00AF14A9 /* GXWaterSampleTests.m in Sources */,
			);
			runOnlyForDeploymentPostprocessing = 0;
		};
		33F32FD0202FD80E00AF14A9 /* Sources */ = {
			isa = PBXSourcesBuildPhase;
			buildActionMask = 2147483647;
			files = (
				33F32FD9202FD80E00AF14A9 /* GXWaterSampleUITests.m in Sources */,
			);
			runOnlyForDeploymentPostprocessing = 0;
		};
/* End PBXSourcesBuildPhase section */

/* Begin PBXTargetDependency section */
		33F32FCB202FD80E00AF14A9 /* PBXTargetDependency */ = {
			isa = PBXTargetDependency;
			target = 33F32FB0202FD80E00AF14A9 /* GXWaterSample */;
			targetProxy = 33F32FCA202FD80E00AF14A9 /* PBXContainerItemProxy */;
		};
		33F32FD6202FD80E00AF14A9 /* PBXTargetDependency */ = {
			isa = PBXTargetDependency;
			target = 33F32FB0202FD80E00AF14A9 /* GXWaterSample */;
			targetProxy = 33F32FD5202FD80E00AF14A9 /* PBXContainerItemProxy */;
		};
/* End PBXTargetDependency section */

/* Begin PBXVariantGroup section */
		33F32FBA202FD80E00AF14A9 /* Main.storyboard */ = {
			isa = PBXVariantGroup;
			children = (
				33F32FBB202FD80E00AF14A9 /* Base */,
			);
			name = Main.storyboard;
			sourceTree = "<group>";
		};
		33F32FBF202FD80E00AF14A9 /* LaunchScreen.storyboard */ = {
			isa = PBXVariantGroup;
			children = (
				33F32FC0202FD80E00AF14A9 /* Base */,
			);
			name = LaunchScreen.storyboard;
			sourceTree = "<group>";
		};
/* End PBXVariantGroup section */

/* Begin XCBuildConfiguration section */
		33F32FDB202FD80E00AF14A9 /* Debug */ = {
			isa = XCBuildConfiguration;
			buildSettings = {
				ALWAYS_SEARCH_USER_PATHS = NO;
				CLANG_ANALYZER_NONNULL = YES;
				CLANG_ANALYZER_NUMBER_OBJECT_CONVERSION = YES_AGGRESSIVE;
				CLANG_CXX_LANGUAGE_STANDARD = "gnu++14";
				CLANG_CXX_LIBRARY = "libc++";
				CLANG_ENABLE_MODULES = YES;
				CLANG_ENABLE_OBJC_ARC = YES;
				CLANG_WARN_BLOCK_CAPTURE_AUTORELEASING = YES;
				CLANG_WARN_BOOL_CONVERSION = YES;
				CLANG_WARN_COMMA = YES;
				CLANG_WARN_CONSTANT_CONVERSION = YES;
				CLANG_WARN_DIRECT_OBJC_ISA_USAGE = YES_ERROR;
				CLANG_WARN_DOCUMENTATION_COMMENTS = YES;
				CLANG_WARN_EMPTY_BODY = YES;
				CLANG_WARN_ENUM_CONVERSION = YES;
				CLANG_WARN_INFINITE_RECURSION = YES;
				CLANG_WARN_INT_CONVERSION = YES;
				CLANG_WARN_NON_LITERAL_NULL_CONVERSION = YES;
				CLANG_WARN_OBJC_LITERAL_CONVERSION = YES;
				CLANG_WARN_OBJC_ROOT_CLASS = YES_ERROR;
				CLANG_WARN_RANGE_LOOP_ANALYSIS = YES;
				CLANG_WARN_STRICT_PROTOTYPES = YES;
				CLANG_WARN_SUSPICIOUS_MOVE = YES;
				CLANG_WARN_UNGUARDED_AVAILABILITY = YES_AGGRESSIVE;
				CLANG_WARN_UNREACHABLE_CODE = YES;
				CLANG_WARN__DUPLICATE_METHOD_MATCH = YES;
				CODE_SIGN_IDENTITY = "iPhone Developer";
				COPY_PHASE_STRIP = NO;
				DEBUG_INFORMATION_FORMAT = dwarf;
				ENABLE_STRICT_OBJC_MSGSEND = YES;
				ENABLE_TESTABILITY = YES;
				GCC_C_LANGUAGE_STANDARD = gnu11;
				GCC_DYNAMIC_NO_PIC = NO;
				GCC_NO_COMMON_BLOCKS = YES;
				GCC_OPTIMIZATION_LEVEL = 0;
				GCC_PREPROCESSOR_DEFINITIONS = (
					"DEBUG=1",
					"$(inherited)",
				);
				GCC_WARN_64_TO_32_BIT_CONVERSION = YES;
				GCC_WARN_ABOUT_RETURN_TYPE = YES_ERROR;
				GCC_WARN_UNDECLARED_SELECTOR = YES;
				GCC_WARN_UNINITIALIZED_AUTOS = YES_AGGRESSIVE;
				GCC_WARN_UNUSED_FUNCTION = YES;
				GCC_WARN_UNUSED_VARIABLE = YES;
				IPHONEOS_DEPLOYMENT_TARGET = 11.1;
				MTL_ENABLE_DEBUG_INFO = YES;
				ONLY_ACTIVE_ARCH = YES;
				SDKROOT = iphoneos;
			};
			name = Debug;
		};
		33F32FDC202FD80E00AF14A9 /* Release */ = {
			isa = XCBuildConfiguration;
			buildSettings = {
				ALWAYS_SEARCH_USER_PATHS = NO;
				CLANG_ANALYZER_NONNULL = YES;
				CLANG_ANALYZER_NUMBER_OBJECT_CONVERSION = YES_AGGRESSIVE;
				CLANG_CXX_LANGUAGE_STANDARD = "gnu++14";
				CLANG_CXX_LIBRARY = "libc++";
				CLANG_ENABLE_MODULES = YES;
				CLANG_ENABLE_OBJC_ARC = YES;
				CLANG_WARN_BLOCK_CAPTURE_AUTORELEASING = YES;
				CLANG_WARN_BOOL_CONVERSION = YES;
				CLANG_WARN_COMMA = YES;
				CLANG_WARN_CONSTANT_CONVERSION = YES;
				CLANG_WARN_DIRECT_OBJC_ISA_USAGE = YES_ERROR;
				CLANG_WARN_DOCUMENTATION_COMMENTS = YES;
				CLANG_WARN_EMPTY_BODY = YES;
				CLANG_WARN_ENUM_CONVERSION = YES;
				CLANG_WARN_INFINITE_RECURSION = YES;
				CLANG_WARN_INT_CONVERSION = YES;
				CLANG_WARN_NON_LITERAL_NULL_CONVERSION = YES;
				CLANG_WARN_OBJC_LITERAL_CONVERSION = YES;
				CLANG_WARN_OBJC_ROOT_CLASS = YES_ERROR;
				CLANG_WARN_RANGE_LOOP_ANALYSIS = YES;
				CLANG_WARN_STRICT_PROTOTYPES = YES;
				CLANG_WARN_SUSPICIOUS_MOVE = YES;
				CLANG_WARN_UNGUARDED_AVAILABILITY = YES_AGGRESSIVE;
				CLANG_WARN_UNREACHABLE_CODE = YES;
				CLANG_WARN__DUPLICATE_METHOD_MATCH = YES;
				CODE_SIGN_IDENTITY = "iPhone Developer";
				COPY_PHASE_STRIP = NO;
				DEBUG_INFORMATION_FORMAT = "dwarf-with-dsym";
				ENABLE_NS_ASSERTIONS = NO;
				ENABLE_STRICT_OBJC_MSGSEND = YES;
				GCC_C_LANGUAGE_STANDARD = gnu11;
				GCC_NO_COMMON_BLOCKS = YES;
				GCC_WARN_64_TO_32_BIT_CONVERSION = YES;
				GCC_WARN_ABOUT_RETURN_TYPE = YES_ERROR;
				GCC_WARN_UNDECLARED_SELECTOR = YES;
				GCC_WARN_UNINITIALIZED_AUTOS = YES_AGGRESSIVE;
				GCC_WARN_UNUSED_FUNCTION = YES;
				GCC_WARN_UNUSED_VARIABLE = YES;
				IPHONEOS_DEPLOYMENT_TARGET = 11.1;
				MTL_ENABLE_DEBUG_INFO = NO;
				SDKROOT = iphoneos;
				VALIDATE_PRODUCT = YES;
			};
			name = Release;
		};
		33F32FDE202FD80E00AF14A9 /* Debug */ = {
			isa = XCBuildConfiguration;
			buildSettings = {
				ASSETCATALOG_COMPILER_APPICON_NAME = AppIcon;
				CODE_SIGN_STYLE = Automatic;
				DEVELOPMENT_TEAM = L54KZN9KMH;
				INFOPLIST_FILE = GXWaterSample/Info.plist;
				IPHONEOS_DEPLOYMENT_TARGET = 9.0;
				LD_RUNPATH_SEARCH_PATHS = "$(inherited) @executable_path/Frameworks";
				PRODUCT_BUNDLE_IDENTIFIER = com.protruly.dev.GXWaterSample;
				PRODUCT_NAME = "$(TARGET_NAME)";
				TARGETED_DEVICE_FAMILY = 1;
			};
			name = Debug;
		};
		33F32FDF202FD80E00AF14A9 /* Release */ = {
			isa = XCBuildConfiguration;
			buildSettings = {
				ASSETCATALOG_COMPILER_APPICON_NAME = AppIcon;
				CODE_SIGN_STYLE = Automatic;
				DEVELOPMENT_TEAM = L54KZN9KMH;
				INFOPLIST_FILE = GXWaterSample/Info.plist;
				IPHONEOS_DEPLOYMENT_TARGET = 9.0;
				LD_RUNPATH_SEARCH_PATHS = "$(inherited) @executable_path/Frameworks";
				PRODUCT_BUNDLE_IDENTIFIER = com.protruly.dev.GXWaterSample;
				PRODUCT_NAME = "$(TARGET_NAME)";
				TARGETED_DEVICE_FAMILY = 1;
			};
			name = Release;
		};
		33F32FE1202FD80E00AF14A9 /* Debug */ = {
			isa = XCBuildConfiguration;
			buildSettings = {
				BUNDLE_LOADER = "$(TEST_HOST)";
				CODE_SIGN_STYLE = Automatic;
				DEVELOPMENT_TEAM = L54KZN9KMH;
				INFOPLIST_FILE = GXWaterSampleTests/Info.plist;
				LD_RUNPATH_SEARCH_PATHS = "$(inherited) @executable_path/Frameworks @loader_path/Frameworks";
				PRODUCT_BUNDLE_IDENTIFIER = com.protruly.dev.GXWaterSampleTests;
				PRODUCT_NAME = "$(TARGET_NAME)";
				TARGETED_DEVICE_FAMILY = "1,2";
				TEST_HOST = "$(BUILT_PRODUCTS_DIR)/GXWaterSample.app/GXWaterSample";
			};
			name = Debug;
		};
		33F32FE2202FD80E00AF14A9 /* Release */ = {
			isa = XCBuildConfiguration;
			buildSettings = {
				BUNDLE_LOADER = "$(TEST_HOST)";
				CODE_SIGN_STYLE = Automatic;
				DEVELOPMENT_TEAM = L54KZN9KMH;
				INFOPLIST_FILE = GXWaterSampleTests/Info.plist;
				LD_RUNPATH_SEARCH_PATHS = "$(inherited) @executable_path/Frameworks @loader_path/Frameworks";
				PRODUCT_BUNDLE_IDENTIFIER = com.protruly.dev.GXWaterSampleTests;
				PRODUCT_NAME = "$(TARGET_NAME)";
				TARGETED_DEVICE_FAMILY = "1,2";
				TEST_HOST = "$(BUILT_PRODUCTS_DIR)/GXWaterSample.app/GXWaterSample";
			};
			name = Release;
		};
		33F32FE4202FD80E00AF14A9 /* Debug */ = {
			isa = XCBuildConfiguration;
			buildSettings = {
				CODE_SIGN_STYLE = Automatic;
				DEVELOPMENT_TEAM = L54KZN9KMH;
				INFOPLIST_FILE = GXWaterSampleUITests/Info.plist;
				LD_RUNPATH_SEARCH_PATHS = "$(inherited) @executable_path/Frameworks @loader_path/Frameworks";
				PRODUCT_BUNDLE_IDENTIFIER = com.protruly.dev.GXWaterSampleUITests;
				PRODUCT_NAME = "$(TARGET_NAME)";
				TARGETED_DEVICE_FAMILY = "1,2";
				TEST_TARGET_NAME = GXWaterSample;
			};
			name = Debug;
		};
		33F32FE5202FD80E00AF14A9 /* Release */ = {
			isa = XCBuildConfiguration;
			buildSettings = {
				CODE_SIGN_STYLE = Automatic;
				DEVELOPMENT_TEAM = L54KZN9KMH;
				INFOPLIST_FILE = GXWaterSampleUITests/Info.plist;
				LD_RUNPATH_SEARCH_PATHS = "$(inherited) @executable_path/Frameworks @loader_path/Frameworks";
				PRODUCT_BUNDLE_IDENTIFIER = com.protruly.dev.GXWaterSampleUITests;
				PRODUCT_NAME = "$(TARGET_NAME)";
				TARGETED_DEVICE_FAMILY = "1,2";
				TEST_TARGET_NAME = GXWaterSample;
			};
			name = Release;
		};
/* End XCBuildConfiguration section */

/* Begin XCConfigurationList section */
		33F32FAC202FD80E00AF14A9 /* Build configuration list for PBXProject "GXWaterSample" */ = {
			isa = XCConfigurationList;
			buildConfigurations = (
				33F32FDB202FD80E00AF14A9 /* Debug */,
				33F32FDC202FD80E00AF14A9 /* Release */,
			);
			defaultConfigurationIsVisible = 0;
			defaultConfigurationName = Release;
		};
		33F32FDD202FD80E00AF14A9 /* Build configuration list for PBXNativeTarget "GXWaterSample" */ = {
			isa = XCConfigurationList;
			buildConfigurations = (
				33F32FDE202FD80E00AF14A9 /* Debug */,
				33F32FDF202FD80E00AF14A9 /* Release */,
			);
			defaultConfigurationIsVisible = 0;
			defaultConfigurationName = Release;
		};
		33F32FE0202FD80E00AF14A9 /* Build configuration list for PBXNativeTarget "GXWaterSampleTests" */ = {
			isa = XCConfigurationList;
			buildConfigurations = (
				33F32FE1202FD80E00AF14A9 /* Debug */,
				33F32FE2202FD80E00AF14A9 /* Release */,
			);
			defaultConfigurationIsVisible = 0;
			defaultConfigurationName = Release;
		};
		33F32FE3202FD80E00AF14A9 /* Build configuration list for PBXNativeTarget "GXWaterSampleUITests" */ = {
			isa = XCConfigurationList;
			buildConfigurations = (
				33F32FE4202FD80E00AF14A9 /* Debug */,
				33F32FE5202FD80E00AF14A9 /* Release */,
			);
			defaultConfigurationIsVisible = 0;
			defaultConfigurationName = Release;
		};
/* End XCConfigurationList section */
	};
	rootObject = 33F32FA9202FD80E00AF14A9 /* Project object */;
}
